
Microsoft Visual Studio Solution File, Format Version 12.00
# Visual Studio Version 17
VisualStudioVersion = 17.7.34018.315
MinimumVisualStudioVersion = 10.0.40219.1
Project("{9A19103F-16F7-4668-BE54-9A1E7A4F7556}") = "Ejercicio_1", "Ejercicio_1.csproj", "{B5BA2A90-5D8F-4580-A150-B92E0B5142A5}"
EndProject
Project("{FAE04EC0-301F-11D3-BF4B-00C04F79EFBC}") = "Biblioteca", "..\Biblioteca\Biblioteca.csproj", "{729FCC7C-15D6-4EFC-B4FD-032CAC4E3DCA}"
EndProject
Global
	GlobalSection(SolutionConfigurationPlatforms) = preSolution
		Debug|Any CPU = Debug|Any CPU
		Release|Any CPU = Release|Any CPU
	EndGlobalSection
	GlobalSection(ProjectConfigurationPlatforms) = postSolution
		{B5BA2A90-5D8F-4580-A150-B92E0B5142A5}.Debug|Any CPU.ActiveCfg = Debug|Any CPU
		{B5BA2A90-5D8F-4580-A150-B92E0B5142A5}.Debug|Any CPU.Build.0 = Debug|Any CPU
		{B5BA2A90-5D8F-4580-A150-B92E0B5142A5}.Release|Any CPU.ActiveCfg = Release|Any CPU
		{B5BA2A90-5D8F-4580-A150-B92E0B5142A5}.Release|Any CPU.Build.0 = Release|Any CPU
		{729FCC7C-15D6-4EFC-B4FD-032CAC4E3DCA}.Debug|Any CPU.ActiveCfg = Debug|Any CPU
		{729FCC7C-15D6-4EFC-B4FD-032CAC4E3DCA}.Debug|Any CPU.Build.0 = Debug|Any CPU
		{729FCC7C-15D6-4EFC-B4FD-032CAC4E3DCA}.Release|Any CPU.ActiveCfg = Release|Any CPU
		{729FCC7C-15D6-4EFC-B4FD-032CAC4E3DCA}.Release|Any CPU.Build.0 = Release|Any CPU
	EndGlobalSection
	GlobalSection(SolutionProperties) = preSolution
		HideSolutionNode = FALSE
	EndGlobalSection
	GlobalSection(ExtensibilityGlobals) = postSolution
		SolutionGuid = {5EF41947-7074-4C68-A6B4-865737A6726D}
	EndGlobalSection
EndGlobal
